
Microsoft Visual Studio Solution File, Format Version 12.00
# Visual Studio Version 17
VisualStudioVersion = 17.1.32228.430
MinimumVisualStudioVersion = 10.0.40219.1
Project("{8BC9CEB8-8B4A-11D0-8D11-00A0C91BC942}") = "20230420_DataStructure", "20230420_DataStructure.vcxproj", "{8ABE2DB1-5DC0-4230-BA46-D44D6DA12105}"
EndProject
Global
	GlobalSection(SolutionConfigurationPlatforms) = preSolution
		Debug|x64 = Debug|x64
		Debug|x86 = Debug|x86
		Release|x64 = Release|x64
		Release|x86 = Release|x86
	EndGlobalSection
	GlobalSection(ProjectConfigurationPlatforms) = postSolution
		{8ABE2DB1-5DC0-4230-BA46-D44D6DA12105}.Debug|x64.ActiveCfg = Debug|x64
		{8ABE2DB1-5DC0-4230-BA46-D44D6DA12105}.Debug|x64.Build.0 = Debug|x64
		{8ABE2DB1-5DC0-4230-BA46-D44D6DA12105}.Debug|x86.ActiveCfg = Debug|Win32
		{8ABE2DB1-5DC0-4230-BA46-D44D6DA12105}.Debug|x86.Build.0 = Debug|Win32
		{8ABE2DB1-5DC0-4230-BA46-D44D6DA12105}.Release|x64.ActiveCfg = Release|x64
		{8ABE2DB1-5DC0-4230-BA46-D44D6DA12105}.Release|x64.Build.0 = Release|x64
		{8ABE2DB1-5DC0-4230-BA46-D44D6DA12105}.Release|x86.ActiveCfg = Release|Win32
		{8ABE2DB1-5DC0-4230-BA46-D44D6DA12105}.Release|x86.Build.0 = Release|Win32
	EndGlobalSection
	GlobalSection(SolutionProperties) = preSolution
		HideSolutionNode = FALSE
	EndGlobalSection
	GlobalSection(ExtensibilityGlobals) = postSolution
		SolutionGuid = {D64812A3-6695-492B-A75D-6C8D6C98BB6C}
	EndGlobalSection
EndGlobal
