
Microsoft Visual Studio Solution File, Format Version 12.00
# Visual Studio Version 17
VisualStudioVersion = 17.1.32228.430
MinimumVisualStudioVersion = 10.0.40219.1
Project("{8BC9CEB8-8B4A-11D0-8D11-00A0C91BC942}") = "20230403_Cpp", "20230403_Cpp.vcxproj", "{ABEF8990-700E-4621-A7F5-E55CEADE07C6}"
EndProject
Global
	GlobalSection(SolutionConfigurationPlatforms) = preSolution
		Debug|x64 = Debug|x64
		Debug|x86 = Debug|x86
		Release|x64 = Release|x64
		Release|x86 = Release|x86
	EndGlobalSection
	GlobalSection(ProjectConfigurationPlatforms) = postSolution
		{ABEF8990-700E-4621-A7F5-E55CEADE07C6}.Debug|x64.ActiveCfg = Debug|x64
		{ABEF8990-700E-4621-A7F5-E55CEADE07C6}.Debug|x64.Build.0 = Debug|x64
		{ABEF8990-700E-4621-A7F5-E55CEADE07C6}.Debug|x86.ActiveCfg = Debug|Win32
		{ABEF8990-700E-4621-A7F5-E55CEADE07C6}.Debug|x86.Build.0 = Debug|Win32
		{ABEF8990-700E-4621-A7F5-E55CEADE07C6}.Release|x64.ActiveCfg = Release|x64
		{ABEF8990-700E-4621-A7F5-E55CEADE07C6}.Release|x64.Build.0 = Release|x64
		{ABEF8990-700E-4621-A7F5-E55CEADE07C6}.Release|x86.ActiveCfg = Release|Win32
		{ABEF8990-700E-4621-A7F5-E55CEADE07C6}.Release|x86.Build.0 = Release|Win32
	EndGlobalSection
	GlobalSection(SolutionProperties) = preSolution
		HideSolutionNode = FALSE
	EndGlobalSection
	GlobalSection(ExtensibilityGlobals) = postSolution
		SolutionGuid = {2B106605-CEB2-4364-9319-0002C1C9D008}
	EndGlobalSection
EndGlobal
