
Microsoft Visual Studio Solution File, Format Version 12.00
# Visual Studio Version 17
VisualStudioVersion = 17.1.32228.430
MinimumVisualStudioVersion = 10.0.40219.1
Project("{8BC9CEB8-8B4A-11D0-8D11-00A0C91BC942}") = "230327_GameP", "230327_GameP.vcxproj", "{74D2D864-689A-4F48-8698-A640D551E565}"
	ProjectSection(ProjectDependencies) = postProject
		{1BB15B62-F1B5-4B4A-8CF6-00CAB572C134} = {1BB15B62-F1B5-4B4A-8CF6-00CAB572C134}
	EndProjectSection
EndProject
Project("{8BC9CEB8-8B4A-11D0-8D11-00A0C91BC942}") = "bombman", "..\..\GameP\bombman\bombman.vcxproj", "{1BB15B62-F1B5-4B4A-8CF6-00CAB572C134}"
EndProject
Global
	GlobalSection(SolutionConfigurationPlatforms) = preSolution
		Debug|x64 = Debug|x64
		Debug|x86 = Debug|x86
		Release|x64 = Release|x64
		Release|x86 = Release|x86
	EndGlobalSection
	GlobalSection(ProjectConfigurationPlatforms) = postSolution
		{74D2D864-689A-4F48-8698-A640D551E565}.Debug|x64.ActiveCfg = Debug|x64
		{74D2D864-689A-4F48-8698-A640D551E565}.Debug|x64.Build.0 = Debug|x64
		{74D2D864-689A-4F48-8698-A640D551E565}.Debug|x86.ActiveCfg = Debug|Win32
		{74D2D864-689A-4F48-8698-A640D551E565}.Debug|x86.Build.0 = Debug|Win32
		{74D2D864-689A-4F48-8698-A640D551E565}.Release|x64.ActiveCfg = Release|x64
		{74D2D864-689A-4F48-8698-A640D551E565}.Release|x64.Build.0 = Release|x64
		{74D2D864-689A-4F48-8698-A640D551E565}.Release|x86.ActiveCfg = Release|Win32
		{74D2D864-689A-4F48-8698-A640D551E565}.Release|x86.Build.0 = Release|Win32
		{1BB15B62-F1B5-4B4A-8CF6-00CAB572C134}.Debug|x64.ActiveCfg = Debug|x64
		{1BB15B62-F1B5-4B4A-8CF6-00CAB572C134}.Debug|x64.Build.0 = Debug|x64
		{1BB15B62-F1B5-4B4A-8CF6-00CAB572C134}.Debug|x86.ActiveCfg = Debug|Win32
		{1BB15B62-F1B5-4B4A-8CF6-00CAB572C134}.Debug|x86.Build.0 = Debug|Win32
		{1BB15B62-F1B5-4B4A-8CF6-00CAB572C134}.Release|x64.ActiveCfg = Release|x64
		{1BB15B62-F1B5-4B4A-8CF6-00CAB572C134}.Release|x64.Build.0 = Release|x64
		{1BB15B62-F1B5-4B4A-8CF6-00CAB572C134}.Release|x86.ActiveCfg = Release|Win32
		{1BB15B62-F1B5-4B4A-8CF6-00CAB572C134}.Release|x86.Build.0 = Release|Win32
	EndGlobalSection
	GlobalSection(SolutionProperties) = preSolution
		HideSolutionNode = FALSE
	EndGlobalSection
	GlobalSection(ExtensibilityGlobals) = postSolution
		SolutionGuid = {543ACE91-5C89-493A-8454-4E818263F18C}
	EndGlobalSection
EndGlobal
